
Microsoft Visual Studio Solution File, Format Version 12.00
# Visual Studio Version 16
VisualStudioVersion = 16.0.29519.181
MinimumVisualStudioVersion = 10.0.40219.1
Project("{9A19103F-16F7-4668-BE54-9A1E7A4F7556}") = "WebAPIpaysys", "WebAPIpaysys\WebAPIpaysys.csproj", "{CF63D221-A889-4948-8053-A56A4ADEB6CA}"
EndProject
Global
	GlobalSection(SolutionConfigurationPlatforms) = preSolution
		Debug|Any CPU = Debug|Any CPU
		Release|Any CPU = Release|Any CPU
	EndGlobalSection
	GlobalSection(ProjectConfigurationPlatforms) = postSolution
		{CF63D221-A889-4948-8053-A56A4ADEB6CA}.Debug|Any CPU.ActiveCfg = Debug|Any CPU
		{CF63D221-A889-4948-8053-A56A4ADEB6CA}.Debug|Any CPU.Build.0 = Debug|Any CPU
		{CF63D221-A889-4948-8053-A56A4ADEB6CA}.Release|Any CPU.ActiveCfg = Release|Any CPU
		{CF63D221-A889-4948-8053-A56A4ADEB6CA}.Release|Any CPU.Build.0 = Release|Any CPU
	EndGlobalSection
	GlobalSection(SolutionProperties) = preSolution
		HideSolutionNode = FALSE
	EndGlobalSection
	GlobalSection(ExtensibilityGlobals) = postSolution
		SolutionGuid = {2C2120B0-F638-4EA0-948D-0C860C6160EB}
	EndGlobalSection
EndGlobal
